
Microsoft Visual Studio Solution File, Format Version 12.00
# Visual Studio Version 17
VisualStudioVersion = 17.14.36221.1 d17.14
MinimumVisualStudioVersion = 10.0.40219.1
Project("{FAE04EC0-301F-11D3-BF4B-00C04F79EFBC}") = "TodoApii", "TodoApii.csproj", "{F8878D6D-8057-4186-8544-54DC214667EA}"
EndProject
Global
	GlobalSection(SolutionConfigurationPlatforms) = preSolution
		Debug|Any CPU = Debug|Any CPU
		Release|Any CPU = Release|Any CPU
	EndGlobalSection
	GlobalSection(ProjectConfigurationPlatforms) = postSolution
		{F8878D6D-8057-4186-8544-54DC214667EA}.Debug|Any CPU.ActiveCfg = Debug|Any CPU
		{F8878D6D-8057-4186-8544-54DC214667EA}.Debug|Any CPU.Build.0 = Debug|Any CPU
		{F8878D6D-8057-4186-8544-54DC214667EA}.Release|Any CPU.ActiveCfg = Release|Any CPU
		{F8878D6D-8057-4186-8544-54DC214667EA}.Release|Any CPU.Build.0 = Release|Any CPU
	EndGlobalSection
	GlobalSection(SolutionProperties) = preSolution
		HideSolutionNode = FALSE
	EndGlobalSection
	GlobalSection(ExtensibilityGlobals) = postSolution
		SolutionGuid = {8DBC8DDF-708C-43F0-8637-92499D14CC60}
	EndGlobalSection
EndGlobal
